
Microsoft Visual Studio Solution File, Format Version 12.00
# Visual Studio Version 16
VisualStudioVersion = 16.0.30523.141
MinimumVisualStudioVersion = 10.0.40219.1
Project("{FAE04EC0-301F-11D3-BF4B-00C04F79EFBC}") = "Calculatorr", "Calculatorr\Calculatorr.csproj", "{6C9BDDA5-BAB6-4D01-9155-AA002A5F090A}"
EndProject
Global
	GlobalSection(SolutionConfigurationPlatforms) = preSolution
		Debug|Any CPU = Debug|Any CPU
		Release|Any CPU = Release|Any CPU
	EndGlobalSection
	GlobalSection(ProjectConfigurationPlatforms) = postSolution
		{6C9BDDA5-BAB6-4D01-9155-AA002A5F090A}.Debug|Any CPU.ActiveCfg = Debug|Any CPU
		{6C9BDDA5-BAB6-4D01-9155-AA002A5F090A}.Debug|Any CPU.Build.0 = Debug|Any CPU
		{6C9BDDA5-BAB6-4D01-9155-AA002A5F090A}.Release|Any CPU.ActiveCfg = Release|Any CPU
		{6C9BDDA5-BAB6-4D01-9155-AA002A5F090A}.Release|Any CPU.Build.0 = Release|Any CPU
	EndGlobalSection
	GlobalSection(SolutionProperties) = preSolution
		HideSolutionNode = FALSE
	EndGlobalSection
	GlobalSection(ExtensibilityGlobals) = postSolution
		SolutionGuid = {8CB7210B-5B05-4DA2-99D2-451AD6D2AC34}
	EndGlobalSection
EndGlobal
